<?xml version="1.0" encoding="utf-8"?>
<Project ToolsVersion="4.0" xmlns="http://schemas.microsoft.com/developer/msbuild/2003">
  <ItemGroup>
    <None Include="cameraFrag.glsl" />
    <None Include="cameraVert.glsl" />
    <None Include="gPassFrag.glsl" />
    <None Include="gPassVert.glsl" />
    <None Include="lPassFrag.glsl" />
    <None Include="lPassVert.glsl" />
    <None Include="lsPassFrag.glsl" />
    <None Include="lsPassVert.glsl" />
    <None Include="phongFrag.glsl" />
    <None Include="phongVert.glsl" />
    <None Include="postVert.glsl" />
    <None Include="quadFrag.glsl" />
    <None Include="quadVert.glsl" />
    <None Include="simpleFrag.glsl" />
    <None Include="simpleVert.glsl" />
    <None Include="sPassFrag.glsl" />
    <None Include="sPassVert.glsl" />
    <None Include="textureFrag.glsl" />
    <None Include="textureVert.glsl" />
    <None Include="postFrag.glsl" />
    <None Include="waterVert.glsl" />
    <None Include="waterFrag.glsl" />
    <None Include="bPassFrag.glsl" />
    <None Include="bPassVert.glsl" />
    <None Include="particleVert.glsl" />
    <None Include="particleFrag.glsl" />
  </ItemGroup>
</Project>