<?xml version="1.0" encoding="utf-8"?>
<Project ToolsVersion="4.0" xmlns="http://schemas.microsoft.com/developer/msbuild/2003">
  <ItemGroup>
    <Filter Include="Files">
      <UniqueIdentifier>{9d6e75ec-85d8-4866-ac02-254b06edbd83}</UniqueIdentifier>
    </Filter>
  </ItemGroup>
  <ItemGroup>
    <ClCompile Include="Window.cpp">
      <Filter>Files</Filter>
    </ClCompile>
    <ClCompile Include="crenderutils.cpp">
      <Filter>Files</Filter>
    </ClCompile>
    <ClCompile Include="gallery.cpp">
      <Filter>Files</Filter>
    </ClCompile>
    <ClCompile Include="Input.cpp">
      <Filter>Files</Filter>
    </ClCompile>
    <ClCompile Include="Camera.cpp">
      <Filter>Files</Filter>
    </ClCompile>
    <ClCompile Include="Timer.cpp">
      <Filter>Files</Filter>
    </ClCompile>
    <ClCompile Include="procGen.cpp">
      <Filter>Files</Filter>
    </ClCompile>
  </ItemGroup>
  <ItemGroup>
    <ClInclude Include="crenderutils.h">
      <Filter>Files</Filter>
    </ClInclude>
    <ClInclude Include="Window.h">
      <Filter>Files</Filter>
    </ClInclude>
    <ClInclude Include="Vertex.h">
      <Filter>Files</Filter>
    </ClInclude>
    <ClInclude Include="gldecs.h">
      <Filter>Files</Filter>
    </ClInclude>
    <ClInclude Include="gallery.h">
      <Filter>Files</Filter>
    </ClInclude>
    <ClInclude Include="Input.h">
      <Filter>Files</Filter>
    </ClInclude>
    <ClInclude Include="Camera.h">
      <Filter>Files</Filter>
    </ClInclude>
    <ClInclude Include="Timer.h">
      <Filter>Files</Filter>
    </ClInclude>
    <ClInclude Include="glObjects.h">
      <Filter>Files</Filter>
    </ClInclude>
    <ClInclude Include="procGen.h">
      <Filter>Files</Filter>
    </ClInclude>
  </ItemGroup>
</Project>